
Microsoft Visual Studio Solution File, Format Version 12.00
# Visual Studio 14
VisualStudioVersion = 14.0.24720.0
MinimumVisualStudioVersion = 10.0.40219.1
Project("{8BC9CEB8-8B4A-11D0-8D11-00A0C91BC942}") = "image_acquisition", "src\image_acquisition\image_acquisition.vcxproj", "{5B28F85E-8DA1-4B9E-9BB4-9CD83F7BE53A}"
	ProjectSection(ProjectDependencies) = postProject
		{F058FE43-911B-47F8-BEDF-F6244335B134} = {F058FE43-911B-47F8-BEDF-F6244335B134}
		{F207B469-3362-4F94-9232-04A56D78D847} = {F207B469-3362-4F94-9232-04A56D78D847}
		{EB6FEDD9-9527-4A18-BCB2-FE1F6D432C48} = {EB6FEDD9-9527-4A18-BCB2-FE1F6D432C48}
		{13E823EB-9E09-4262-9B18-F2A83B9DE2B5} = {13E823EB-9E09-4262-9B18-F2A83B9DE2B5}
	EndProjectSection
EndProject
Project("{8BC9CEB8-8B4A-11D0-8D11-00A0C91BC942}") = "image_segmentation", "src\image_segmentation\image_segmentation.vcxproj", "{13E823EB-9E09-4262-9B18-F2A83B9DE2B5}"
	ProjectSection(ProjectDependencies) = postProject
		{F058FE43-911B-47F8-BEDF-F6244335B134} = {F058FE43-911B-47F8-BEDF-F6244335B134}
		{F207B469-3362-4F94-9232-04A56D78D847} = {F207B469-3362-4F94-9232-04A56D78D847}
		{EB6FEDD9-9527-4A18-BCB2-FE1F6D432C48} = {EB6FEDD9-9527-4A18-BCB2-FE1F6D432C48}
	EndProjectSection
EndProject
Project("{8BC9CEB8-8B4A-11D0-8D11-00A0C91BC942}") = "console_initializer", "src\console_initializer\console_initializer.vcxproj", "{09D78D51-25E5-4CBA-9A1F-6298FE5DD216}"
	ProjectSection(ProjectDependencies) = postProject
		{F058FE43-911B-47F8-BEDF-F6244335B134} = {F058FE43-911B-47F8-BEDF-F6244335B134}
		{5B28F85E-8DA1-4B9E-9BB4-9CD83F7BE53A} = {5B28F85E-8DA1-4B9E-9BB4-9CD83F7BE53A}
		{F207B469-3362-4F94-9232-04A56D78D847} = {F207B469-3362-4F94-9232-04A56D78D847}
		{EB6FEDD9-9527-4A18-BCB2-FE1F6D432C48} = {EB6FEDD9-9527-4A18-BCB2-FE1F6D432C48}
		{13E823EB-9E09-4262-9B18-F2A83B9DE2B5} = {13E823EB-9E09-4262-9B18-F2A83B9DE2B5}
	EndProjectSection
EndProject
Project("{8BC9CEB8-8B4A-11D0-8D11-00A0C91BC942}") = "image_tracking", "src\image_tracking\image_tracking.vcxproj", "{F058FE43-911B-47F8-BEDF-F6244335B134}"
	ProjectSection(ProjectDependencies) = postProject
		{F207B469-3362-4F94-9232-04A56D78D847} = {F207B469-3362-4F94-9232-04A56D78D847}
		{EB6FEDD9-9527-4A18-BCB2-FE1F6D432C48} = {EB6FEDD9-9527-4A18-BCB2-FE1F6D432C48}
	EndProjectSection
EndProject
Project("{8BC9CEB8-8B4A-11D0-8D11-00A0C91BC942}") = "dto", "src\dto\dto.vcxproj", "{EB6FEDD9-9527-4A18-BCB2-FE1F6D432C48}"
EndProject
Project("{8BC9CEB8-8B4A-11D0-8D11-00A0C91BC942}") = "feature_extraction", "src\feature_extraction\feature_extraction.vcxproj", "{F207B469-3362-4F94-9232-04A56D78D847}"
	ProjectSection(ProjectDependencies) = postProject
		{EB6FEDD9-9527-4A18-BCB2-FE1F6D432C48} = {EB6FEDD9-9527-4A18-BCB2-FE1F6D432C48}
	EndProjectSection
EndProject
Project("{8BC9CEB8-8B4A-11D0-8D11-00A0C91BC942}") = "image_stiching_generator", "src\image_stiching_generator\image_stiching_generator.vcxproj", "{5BF43355-7789-41B7-8BFC-9947B9FC5AFD}"
EndProject
Project("{8BC9CEB8-8B4A-11D0-8D11-00A0C91BC942}") = "camera_calibration", "src\camera_calibration\camera_calibration.vcxproj", "{21B33717-DC91-457A-95C9-FC65F54DB316}"
EndProject
Project("{8BC9CEB8-8B4A-11D0-8D11-00A0C91BC942}") = "camera_calibration_undistort_test", "camera_calibration_undistort_test\camera_calibration_undistort_test.vcxproj", "{E920B996-BD11-4741-9EE3-BFAC2D44DD36}"
EndProject
Project("{8BC9CEB8-8B4A-11D0-8D11-00A0C91BC942}") = "camera_calibration_fisheye", "src\camera_calibration_fisheye\camera_calibration_fisheye.vcxproj", "{B13FDF1A-C4E7-4415-95C0-7A11D3BCF939}"
EndProject
Project("{8BC9CEB8-8B4A-11D0-8D11-00A0C91BC942}") = "camera_calibration_fisheye_test", "src\camera_calibration_fisheye_test\camera_calibration_fisheye_test.vcxproj", "{40253FAA-D382-42F5-8CC2-737C1CA9D064}"
EndProject
Project("{8BC9CEB8-8B4A-11D0-8D11-00A0C91BC942}") = "demo_person_counter", "demo_person_counter\demo_person_counter.vcxproj", "{118BF599-5DC7-456C-97E7-B0B9AC0F4270}"
	ProjectSection(ProjectDependencies) = postProject
		{F058FE43-911B-47F8-BEDF-F6244335B134} = {F058FE43-911B-47F8-BEDF-F6244335B134}
		{5B28F85E-8DA1-4B9E-9BB4-9CD83F7BE53A} = {5B28F85E-8DA1-4B9E-9BB4-9CD83F7BE53A}
		{F207B469-3362-4F94-9232-04A56D78D847} = {F207B469-3362-4F94-9232-04A56D78D847}
		{EB6FEDD9-9527-4A18-BCB2-FE1F6D432C48} = {EB6FEDD9-9527-4A18-BCB2-FE1F6D432C48}
		{13E823EB-9E09-4262-9B18-F2A83B9DE2B5} = {13E823EB-9E09-4262-9B18-F2A83B9DE2B5}
	EndProjectSection
EndProject
Project("{8BC9CEB8-8B4A-11D0-8D11-00A0C91BC942}") = "identification", "src\identification\identification.vcxproj", "{C0ECEB71-DEA8-49DE-A1C6-5C552E26B14A}"
	ProjectSection(ProjectDependencies) = postProject
		{EB6FEDD9-9527-4A18-BCB2-FE1F6D432C48} = {EB6FEDD9-9527-4A18-BCB2-FE1F6D432C48}
	EndProjectSection
EndProject
Project("{8BC9CEB8-8B4A-11D0-8D11-00A0C91BC942}") = "feature_point_match_test", "src\feature_point_match_test\feature_point_match_test.vcxproj", "{8AEF5D2F-DE62-4A65-B3A2-A47D43F020CC}"
EndProject
Project("{8BC9CEB8-8B4A-11D0-8D11-00A0C91BC942}") = "backup_database", "src\backup_database\backup_database.vcxproj", "{5FD4D974-E365-4FD3-BA4B-459FACA7D596}"
EndProject
Global
	GlobalSection(SolutionConfigurationPlatforms) = preSolution
		Debug|x64 = Debug|x64
		Debug|x86 = Debug|x86
		Release|x64 = Release|x64
		Release|x86 = Release|x86
	EndGlobalSection
	GlobalSection(ProjectConfigurationPlatforms) = postSolution
		{5B28F85E-8DA1-4B9E-9BB4-9CD83F7BE53A}.Debug|x64.ActiveCfg = Debug|x64
		{5B28F85E-8DA1-4B9E-9BB4-9CD83F7BE53A}.Debug|x64.Build.0 = Debug|x64
		{5B28F85E-8DA1-4B9E-9BB4-9CD83F7BE53A}.Debug|x86.ActiveCfg = Debug|Win32
		{5B28F85E-8DA1-4B9E-9BB4-9CD83F7BE53A}.Debug|x86.Build.0 = Debug|Win32
		{5B28F85E-8DA1-4B9E-9BB4-9CD83F7BE53A}.Release|x64.ActiveCfg = Release|x64
		{5B28F85E-8DA1-4B9E-9BB4-9CD83F7BE53A}.Release|x64.Build.0 = Release|x64
		{5B28F85E-8DA1-4B9E-9BB4-9CD83F7BE53A}.Release|x86.ActiveCfg = Release|Win32
		{5B28F85E-8DA1-4B9E-9BB4-9CD83F7BE53A}.Release|x86.Build.0 = Release|Win32
		{13E823EB-9E09-4262-9B18-F2A83B9DE2B5}.Debug|x64.ActiveCfg = Debug|x64
		{13E823EB-9E09-4262-9B18-F2A83B9DE2B5}.Debug|x64.Build.0 = Debug|x64
		{13E823EB-9E09-4262-9B18-F2A83B9DE2B5}.Debug|x86.ActiveCfg = Debug|Win32
		{13E823EB-9E09-4262-9B18-F2A83B9DE2B5}.Debug|x86.Build.0 = Debug|Win32
		{13E823EB-9E09-4262-9B18-F2A83B9DE2B5}.Release|x64.ActiveCfg = Release|x64
		{13E823EB-9E09-4262-9B18-F2A83B9DE2B5}.Release|x64.Build.0 = Release|x64
		{13E823EB-9E09-4262-9B18-F2A83B9DE2B5}.Release|x86.ActiveCfg = Release|Win32
		{13E823EB-9E09-4262-9B18-F2A83B9DE2B5}.Release|x86.Build.0 = Release|Win32
		{09D78D51-25E5-4CBA-9A1F-6298FE5DD216}.Debug|x64.ActiveCfg = Debug|x64
		{09D78D51-25E5-4CBA-9A1F-6298FE5DD216}.Debug|x64.Build.0 = Debug|x64
		{09D78D51-25E5-4CBA-9A1F-6298FE5DD216}.Debug|x86.ActiveCfg = Debug|Win32
		{09D78D51-25E5-4CBA-9A1F-6298FE5DD216}.Debug|x86.Build.0 = Debug|Win32
		{09D78D51-25E5-4CBA-9A1F-6298FE5DD216}.Release|x64.ActiveCfg = Release|x64
		{09D78D51-25E5-4CBA-9A1F-6298FE5DD216}.Release|x64.Build.0 = Release|x64
		{09D78D51-25E5-4CBA-9A1F-6298FE5DD216}.Release|x86.ActiveCfg = Release|Win32
		{09D78D51-25E5-4CBA-9A1F-6298FE5DD216}.Release|x86.Build.0 = Release|Win32
		{F058FE43-911B-47F8-BEDF-F6244335B134}.Debug|x64.ActiveCfg = Debug|x64
		{F058FE43-911B-47F8-BEDF-F6244335B134}.Debug|x64.Build.0 = Debug|x64
		{F058FE43-911B-47F8-BEDF-F6244335B134}.Debug|x86.ActiveCfg = Debug|Win32
		{F058FE43-911B-47F8-BEDF-F6244335B134}.Debug|x86.Build.0 = Debug|Win32
		{F058FE43-911B-47F8-BEDF-F6244335B134}.Release|x64.ActiveCfg = Release|x64
		{F058FE43-911B-47F8-BEDF-F6244335B134}.Release|x64.Build.0 = Release|x64
		{F058FE43-911B-47F8-BEDF-F6244335B134}.Release|x86.ActiveCfg = Release|Win32
		{F058FE43-911B-47F8-BEDF-F6244335B134}.Release|x86.Build.0 = Release|Win32
		{EB6FEDD9-9527-4A18-BCB2-FE1F6D432C48}.Debug|x64.ActiveCfg = Debug|x64
		{EB6FEDD9-9527-4A18-BCB2-FE1F6D432C48}.Debug|x64.Build.0 = Debug|x64
		{EB6FEDD9-9527-4A18-BCB2-FE1F6D432C48}.Debug|x86.ActiveCfg = Debug|Win32
		{EB6FEDD9-9527-4A18-BCB2-FE1F6D432C48}.Debug|x86.Build.0 = Debug|Win32
		{EB6FEDD9-9527-4A18-BCB2-FE1F6D432C48}.Release|x64.ActiveCfg = Release|x64
		{EB6FEDD9-9527-4A18-BCB2-FE1F6D432C48}.Release|x64.Build.0 = Release|x64
		{EB6FEDD9-9527-4A18-BCB2-FE1F6D432C48}.Release|x86.ActiveCfg = Release|Win32
		{EB6FEDD9-9527-4A18-BCB2-FE1F6D432C48}.Release|x86.Build.0 = Release|Win32
		{F207B469-3362-4F94-9232-04A56D78D847}.Debug|x64.ActiveCfg = Debug|x64
		{F207B469-3362-4F94-9232-04A56D78D847}.Debug|x64.Build.0 = Debug|x64
		{F207B469-3362-4F94-9232-04A56D78D847}.Debug|x86.ActiveCfg = Debug|Win32
		{F207B469-3362-4F94-9232-04A56D78D847}.Debug|x86.Build.0 = Debug|Win32
		{F207B469-3362-4F94-9232-04A56D78D847}.Release|x64.ActiveCfg = Release|x64
		{F207B469-3362-4F94-9232-04A56D78D847}.Release|x64.Build.0 = Release|x64
		{F207B469-3362-4F94-9232-04A56D78D847}.Release|x86.ActiveCfg = Release|Win32
		{F207B469-3362-4F94-9232-04A56D78D847}.Release|x86.Build.0 = Release|Win32
		{5BF43355-7789-41B7-8BFC-9947B9FC5AFD}.Debug|x64.ActiveCfg = Debug|x64
		{5BF43355-7789-41B7-8BFC-9947B9FC5AFD}.Debug|x64.Build.0 = Debug|x64
		{5BF43355-7789-41B7-8BFC-9947B9FC5AFD}.Debug|x86.ActiveCfg = Debug|Win32
		{5BF43355-7789-41B7-8BFC-9947B9FC5AFD}.Debug|x86.Build.0 = Debug|Win32
		{5BF43355-7789-41B7-8BFC-9947B9FC5AFD}.Release|x64.ActiveCfg = Release|x64
		{5BF43355-7789-41B7-8BFC-9947B9FC5AFD}.Release|x64.Build.0 = Release|x64
		{5BF43355-7789-41B7-8BFC-9947B9FC5AFD}.Release|x86.ActiveCfg = Release|Win32
		{5BF43355-7789-41B7-8BFC-9947B9FC5AFD}.Release|x86.Build.0 = Release|Win32
		{21B33717-DC91-457A-95C9-FC65F54DB316}.Debug|x64.ActiveCfg = Debug|x64
		{21B33717-DC91-457A-95C9-FC65F54DB316}.Debug|x64.Build.0 = Debug|x64
		{21B33717-DC91-457A-95C9-FC65F54DB316}.Debug|x86.ActiveCfg = Debug|Win32
		{21B33717-DC91-457A-95C9-FC65F54DB316}.Debug|x86.Build.0 = Debug|Win32
		{21B33717-DC91-457A-95C9-FC65F54DB316}.Release|x64.ActiveCfg = Release|x64
		{21B33717-DC91-457A-95C9-FC65F54DB316}.Release|x64.Build.0 = Release|x64
		{21B33717-DC91-457A-95C9-FC65F54DB316}.Release|x86.ActiveCfg = Release|Win32
		{21B33717-DC91-457A-95C9-FC65F54DB316}.Release|x86.Build.0 = Release|Win32
		{E920B996-BD11-4741-9EE3-BFAC2D44DD36}.Debug|x64.ActiveCfg = Debug|x64
		{E920B996-BD11-4741-9EE3-BFAC2D44DD36}.Debug|x64.Build.0 = Debug|x64
		{E920B996-BD11-4741-9EE3-BFAC2D44DD36}.Debug|x86.ActiveCfg = Debug|Win32
		{E920B996-BD11-4741-9EE3-BFAC2D44DD36}.Debug|x86.Build.0 = Debug|Win32
		{E920B996-BD11-4741-9EE3-BFAC2D44DD36}.Release|x64.ActiveCfg = Release|x64
		{E920B996-BD11-4741-9EE3-BFAC2D44DD36}.Release|x64.Build.0 = Release|x64
		{E920B996-BD11-4741-9EE3-BFAC2D44DD36}.Release|x86.ActiveCfg = Release|Win32
		{E920B996-BD11-4741-9EE3-BFAC2D44DD36}.Release|x86.Build.0 = Release|Win32
		{B13FDF1A-C4E7-4415-95C0-7A11D3BCF939}.Debug|x64.ActiveCfg = Debug|x64
		{B13FDF1A-C4E7-4415-95C0-7A11D3BCF939}.Debug|x64.Build.0 = Debug|x64
		{B13FDF1A-C4E7-4415-95C0-7A11D3BCF939}.Debug|x86.ActiveCfg = Debug|Win32
		{B13FDF1A-C4E7-4415-95C0-7A11D3BCF939}.Debug|x86.Build.0 = Debug|Win32
		{B13FDF1A-C4E7-4415-95C0-7A11D3BCF939}.Release|x64.ActiveCfg = Release|x64
		{B13FDF1A-C4E7-4415-95C0-7A11D3BCF939}.Release|x64.Build.0 = Release|x64
		{B13FDF1A-C4E7-4415-95C0-7A11D3BCF939}.Release|x86.ActiveCfg = Release|Win32
		{B13FDF1A-C4E7-4415-95C0-7A11D3BCF939}.Release|x86.Build.0 = Release|Win32
		{40253FAA-D382-42F5-8CC2-737C1CA9D064}.Debug|x64.ActiveCfg = Debug|x64
		{40253FAA-D382-42F5-8CC2-737C1CA9D064}.Debug|x64.Build.0 = Debug|x64
		{40253FAA-D382-42F5-8CC2-737C1CA9D064}.Debug|x86.ActiveCfg = Debug|Win32
		{40253FAA-D382-42F5-8CC2-737C1CA9D064}.Debug|x86.Build.0 = Debug|Win32
		{40253FAA-D382-42F5-8CC2-737C1CA9D064}.Release|x64.ActiveCfg = Release|x64
		{40253FAA-D382-42F5-8CC2-737C1CA9D064}.Release|x64.Build.0 = Release|x64
		{40253FAA-D382-42F5-8CC2-737C1CA9D064}.Release|x86.ActiveCfg = Release|Win32
		{40253FAA-D382-42F5-8CC2-737C1CA9D064}.Release|x86.Build.0 = Release|Win32
		{118BF599-5DC7-456C-97E7-B0B9AC0F4270}.Debug|x64.ActiveCfg = Debug|x64
		{118BF599-5DC7-456C-97E7-B0B9AC0F4270}.Debug|x64.Build.0 = Debug|x64
		{118BF599-5DC7-456C-97E7-B0B9AC0F4270}.Debug|x86.ActiveCfg = Debug|Win32
		{118BF599-5DC7-456C-97E7-B0B9AC0F4270}.Debug|x86.Build.0 = Debug|Win32
		{118BF599-5DC7-456C-97E7-B0B9AC0F4270}.Release|x64.ActiveCfg = Release|x64
		{118BF599-5DC7-456C-97E7-B0B9AC0F4270}.Release|x64.Build.0 = Release|x64
		{118BF599-5DC7-456C-97E7-B0B9AC0F4270}.Release|x86.ActiveCfg = Release|Win32
		{118BF599-5DC7-456C-97E7-B0B9AC0F4270}.Release|x86.Build.0 = Release|Win32
		{C0ECEB71-DEA8-49DE-A1C6-5C552E26B14A}.Debug|x64.ActiveCfg = Debug|x64
		{C0ECEB71-DEA8-49DE-A1C6-5C552E26B14A}.Debug|x64.Build.0 = Debug|x64
		{C0ECEB71-DEA8-49DE-A1C6-5C552E26B14A}.Debug|x86.ActiveCfg = Debug|Win32
		{C0ECEB71-DEA8-49DE-A1C6-5C552E26B14A}.Debug|x86.Build.0 = Debug|Win32
		{C0ECEB71-DEA8-49DE-A1C6-5C552E26B14A}.Release|x64.ActiveCfg = Release|x64
		{C0ECEB71-DEA8-49DE-A1C6-5C552E26B14A}.Release|x64.Build.0 = Release|x64
		{C0ECEB71-DEA8-49DE-A1C6-5C552E26B14A}.Release|x86.ActiveCfg = Release|Win32
		{C0ECEB71-DEA8-49DE-A1C6-5C552E26B14A}.Release|x86.Build.0 = Release|Win32
		{8AEF5D2F-DE62-4A65-B3A2-A47D43F020CC}.Debug|x64.ActiveCfg = Debug|x64
		{8AEF5D2F-DE62-4A65-B3A2-A47D43F020CC}.Debug|x64.Build.0 = Debug|x64
		{8AEF5D2F-DE62-4A65-B3A2-A47D43F020CC}.Debug|x86.ActiveCfg = Debug|Win32
		{8AEF5D2F-DE62-4A65-B3A2-A47D43F020CC}.Debug|x86.Build.0 = Debug|Win32
		{8AEF5D2F-DE62-4A65-B3A2-A47D43F020CC}.Release|x64.ActiveCfg = Release|x64
		{8AEF5D2F-DE62-4A65-B3A2-A47D43F020CC}.Release|x64.Build.0 = Release|x64
		{8AEF5D2F-DE62-4A65-B3A2-A47D43F020CC}.Release|x86.ActiveCfg = Release|Win32
		{8AEF5D2F-DE62-4A65-B3A2-A47D43F020CC}.Release|x86.Build.0 = Release|Win32
		{5FD4D974-E365-4FD3-BA4B-459FACA7D596}.Debug|x64.ActiveCfg = Debug|x64
		{5FD4D974-E365-4FD3-BA4B-459FACA7D596}.Debug|x64.Build.0 = Debug|x64
		{5FD4D974-E365-4FD3-BA4B-459FACA7D596}.Debug|x86.ActiveCfg = Debug|Win32
		{5FD4D974-E365-4FD3-BA4B-459FACA7D596}.Debug|x86.Build.0 = Debug|Win32
		{5FD4D974-E365-4FD3-BA4B-459FACA7D596}.Release|x64.ActiveCfg = Release|x64
		{5FD4D974-E365-4FD3-BA4B-459FACA7D596}.Release|x64.Build.0 = Release|x64
		{5FD4D974-E365-4FD3-BA4B-459FACA7D596}.Release|x86.ActiveCfg = Release|Win32
		{5FD4D974-E365-4FD3-BA4B-459FACA7D596}.Release|x86.Build.0 = Release|Win32
	EndGlobalSection
	GlobalSection(SolutionProperties) = preSolution
		HideSolutionNode = FALSE
	EndGlobalSection
EndGlobal
